
Microsoft Visual Studio Solution File, Format Version 12.00
# Visual Studio Version 17
VisualStudioVersion = 17.6.33815.320
MinimumVisualStudioVersion = 10.0.40219.1
Project("{FAE04EC0-301F-11D3-BF4B-00C04F79EFBC}") = "TP-LABORATORIO-PERALTA-SCHNEIDER", "TP-LABORATORIO-PERALTA-SCHNEIDER.csproj", "{1A843087-F5AE-4A51-BA06-0D483F7693F0}"
EndProject
Global
	GlobalSection(SolutionConfigurationPlatforms) = preSolution
		Debug|Any CPU = Debug|Any CPU
		Release|Any CPU = Release|Any CPU
	EndGlobalSection
	GlobalSection(ProjectConfigurationPlatforms) = postSolution
		{1A843087-F5AE-4A51-BA06-0D483F7693F0}.Debug|Any CPU.ActiveCfg = Debug|Any CPU
		{1A843087-F5AE-4A51-BA06-0D483F7693F0}.Debug|Any CPU.Build.0 = Debug|Any CPU
		{1A843087-F5AE-4A51-BA06-0D483F7693F0}.Release|Any CPU.ActiveCfg = Release|Any CPU
		{1A843087-F5AE-4A51-BA06-0D483F7693F0}.Release|Any CPU.Build.0 = Release|Any CPU
	EndGlobalSection
	GlobalSection(SolutionProperties) = preSolution
		HideSolutionNode = FALSE
	EndGlobalSection
	GlobalSection(ExtensibilityGlobals) = postSolution
		SolutionGuid = {4DD07C58-D18B-4A21-B32E-4D36AE67EC71}
	EndGlobalSection
EndGlobal
